// !$*UTF8*$!
{
	archiveVersion = 1;
	classes = {
	};
	objectVersion = 46;
	objects = {

/* Begin PBXBuildFile section */
		07D9A0F71D4E88C9009F3DE9 /* main.c in Sources */ = {isa = PBXBuildFile; fileRef = 07D9A0F61D4E88C9009F3DE9 /* main.c */; };
		07D9A0FF1D4E896A009F3DE9 /* functions.c in Sources */ = {isa = PBXBuildFile; fileRef = 07D9A0FE1D4E896A009F3DE9 /* functions.c */; };
/* End PBXBuildFile section */

/* Begin PBXCopyFilesBuildPhase section */
		07D9A0F11D4E88C9009F3DE9 /* CopyFiles */ = {
			isa = PBXCopyFilesBuildPhase;
			buildActionMask = 2147483647;
			dstPath = /usr/share/man/man1/;
			dstSubfolderSpec = 0;
			files = (
			);
			runOnlyForDeploymentPostprocessing = 1;
		};
/* End PBXCopyFilesBuildPhase section */

/* Begin PBXFileReference section */
		07D9A0F31D4E88C9009F3DE9 /* 04_vector_funcs */ = {isa = PBXFileReference; explicitFileType = "compiled.mach-o.executable"; includeInIndex = 0; path = 04_vector_funcs; sourceTree = BUILT_PRODUCTS_DIR; };
		07D9A0F61D4E88C9009F3DE9 /* main.c */ = {isa = PBXFileReference; lastKnownFileType = sourcecode.c.c; path = main.c; sourceTree = "<group>"; };
		07D9A0FE1D4E896A009F3DE9 /* functions.c */ = {isa = PBXFileReference; fileEncoding = 4; lastKnownFileType = sourcecode.c.c; path = functions.c; sourceTree = "<group>"; };
/* End PBXFileReference section */

/* Begin PBXFrameworksBuildPhase section */
		07D9A0F01D4E88C9009F3DE9 /* Frameworks */ = {
			isa = PBXFrameworksBuildPhase;
			buildActionMask = 2147483647;
			files = (
			);
			runOnlyForDeploymentPostprocessing = 0;
		};
/* End PBXFrameworksBuildPhase section */

/* Begin PBXGroup section */
		07D9A0EA1D4E88C9009F3DE9 = {
			isa = PBXGroup;
			children = (
				07D9A0F51D4E88C9009F3DE9 /* 04_vector_funcs */,
				07D9A0F41D4E88C9009F3DE9 /* Products */,
			);
			sourceTree = "<group>";
		};
		07D9A0F41D4E88C9009F3DE9 /* Products */ = {
			isa = PBXGroup;
			children = (
				07D9A0F31D4E88C9009F3DE9 /* 04_vector_funcs */,
			);
			name = Products;
			sourceTree = "<group>";
		};
		07D9A0F51D4E88C9009F3DE9 /* 04_vector_funcs */ = {
			isa = PBXGroup;
			children = (
				07D9A0F61D4E88C9009F3DE9 /* main.c */,
				07D9A0FE1D4E896A009F3DE9 /* functions.c */,
			);
			path = 04_vector_funcs;
			sourceTree = "<group>";
		};
/* End PBXGroup section */

/* Begin PBXNativeTarget section */
		07D9A0F21D4E88C9009F3DE9 /* 04_vector_funcs */ = {
			isa = PBXNativeTarget;
			buildConfigurationList = 07D9A0FA1D4E88C9009F3DE9 /* Build configuration list for PBXNativeTarget "04_vector_funcs" */;
			buildPhases = (
				07D9A0EF1D4E88C9009F3DE9 /* Sources */,
				07D9A0F01D4E88C9009F3DE9 /* Frameworks */,
				07D9A0F11D4E88C9009F3DE9 /* CopyFiles */,
			);
			buildRules = (
			);
			dependencies = (
			);
			name = 04_vector_funcs;
			productName = 04_vector_funcs;
			productReference = 07D9A0F31D4E88C9009F3DE9 /* 04_vector_funcs */;
			productType = "com.apple.product-type.tool";
		};
/* End PBXNativeTarget section */

/* Begin PBXProject section */
		07D9A0EB1D4E88C9009F3DE9 /* Project object */ = {
			isa = PBXProject;
			attributes = {
				LastUpgradeCheck = 0730;
				ORGANIZATIONNAME = "Robbie Parks";
				TargetAttributes = {
					07D9A0F21D4E88C9009F3DE9 = {
						CreatedOnToolsVersion = 7.3.1;
					};
				};
			};
			buildConfigurationList = 07D9A0EE1D4E88C9009F3DE9 /* Build configuration list for PBXProject "04_vector_funcs" */;
			compatibilityVersion = "Xcode 3.2";
			developmentRegion = English;
			hasScannedForEncodings = 0;
			knownRegions = (
				en,
			);
			mainGroup = 07D9A0EA1D4E88C9009F3DE9;
			productRefGroup = 07D9A0F41D4E88C9009F3DE9 /* Products */;
			projectDirPath = "";
			projectRoot = "";
			targets = (
				07D9A0F21D4E88C9009F3DE9 /* 04_vector_funcs */,
			);
		};
/* End PBXProject section */

/* Begin PBXSourcesBuildPhase section */
		07D9A0EF1D4E88C9009F3DE9 /* Sources */ = {
			isa = PBXSourcesBuildPhase;
			buildActionMask = 2147483647;
			files = (
				07D9A0F71D4E88C9009F3DE9 /* main.c in Sources */,
				07D9A0FF1D4E896A009F3DE9 /* functions.c in Sources */,
			);
			runOnlyForDeploymentPostprocessing = 0;
		};
/* End PBXSourcesBuildPhase section */

/* Begin XCBuildConfiguration section */
		07D9A0F81D4E88C9009F3DE9 /* Debug */ = {
			isa = XCBuildConfiguration;
			buildSettings = {
				ALWAYS_SEARCH_USER_PATHS = NO;
				CLANG_ANALYZER_NONNULL = YES;
				CLANG_CXX_LANGUAGE_STANDARD = "gnu++0x";
				CLANG_CXX_LIBRARY = "libc++";
				CLANG_ENABLE_MODULES = YES;
				CLANG_ENABLE_OBJC_ARC = YES;
				CLANG_WARN_BOOL_CONVERSION = YES;
				CLANG_WARN_CONSTANT_CONVERSION = YES;
				CLANG_WARN_DIRECT_OBJC_ISA_USAGE = YES_ERROR;
				CLANG_WARN_EMPTY_BODY = YES;
				CLANG_WARN_ENUM_CONVERSION = YES;
				CLANG_WARN_INT_CONVERSION = YES;
				CLANG_WARN_OBJC_ROOT_CLASS = YES_ERROR;
				CLANG_WARN_UNREACHABLE_CODE = YES;
				CLANG_WARN__DUPLICATE_METHOD_MATCH = YES;
				CODE_SIGN_IDENTITY = "-";
				COPY_PHASE_STRIP = NO;
				DEBUG_INFORMATION_FORMAT = dwarf;
				ENABLE_STRICT_OBJC_MSGSEND = YES;
				ENABLE_TESTABILITY = YES;
				GCC_C_LANGUAGE_STANDARD = gnu99;
				GCC_DYNAMIC_NO_PIC = NO;
				GCC_NO_COMMON_BLOCKS = YES;
				GCC_OPTIMIZATION_LEVEL = 0;
				GCC_PREPROCESSOR_DEFINITIONS = (
					"DEBUG=1",
					"$(inherited)",
				);
				GCC_WARN_64_TO_32_BIT_CONVERSION = YES;
				GCC_WARN_ABOUT_RETURN_TYPE = YES_ERROR;
				GCC_WARN_UNDECLARED_SELECTOR = YES;
				GCC_WARN_UNINITIALIZED_AUTOS = YES_AGGRESSIVE;
				GCC_WARN_UNUSED_FUNCTION = YES;
				GCC_WARN_UNUSED_VARIABLE = YES;
				MACOSX_DEPLOYMENT_TARGET = 10.11;
				MTL_ENABLE_DEBUG_INFO = YES;
				ONLY_ACTIVE_ARCH = YES;
				SDKROOT = macosx;
			};
			name = Debug;
		};
		07D9A0F91D4E88C9009F3DE9 /* Release */ = {
			isa = XCBuildConfiguration;
			buildSettings = {
				ALWAYS_SEARCH_USER_PATHS = NO;
				CLANG_ANALYZER_NONNULL = YES;
				CLANG_CXX_LANGUAGE_STANDARD = "gnu++0x";
				CLANG_CXX_LIBRARY = "libc++";
				CLANG_ENABLE_MODULES = YES;
				CLANG_ENABLE_OBJC_ARC = YES;
				CLANG_WARN_BOOL_CONVERSION = YES;
				CLANG_WARN_CONSTANT_CONVERSION = YES;
				CLANG_WARN_DIRECT_OBJC_ISA_USAGE = YES_ERROR;
				CLANG_WARN_EMPTY_BODY = YES;
				CLANG_WARN_ENUM_CONVERSION = YES;
				CLANG_WARN_INT_CONVERSION = YES;
				CLANG_WARN_OBJC_ROOT_CLASS = YES_ERROR;
				CLANG_WARN_UNREACHABLE_CODE = YES;
				CLANG_WARN__DUPLICATE_METHOD_MATCH = YES;
				CODE_SIGN_IDENTITY = "-";
				COPY_PHASE_STRIP = NO;
				DEBUG_INFORMATION_FORMAT = "dwarf-with-dsym";
				ENABLE_NS_ASSERTIONS = NO;
				ENABLE_STRICT_OBJC_MSGSEND = YES;
				GCC_C_LANGUAGE_STANDARD = gnu99;
				GCC_NO_COMMON_BLOCKS = YES;
				GCC_WARN_64_TO_32_BIT_CONVERSION = YES;
				GCC_WARN_ABOUT_RETURN_TYPE = YES_ERROR;
				GCC_WARN_UNDECLARED_SELECTOR = YES;
				GCC_WARN_UNINITIALIZED_AUTOS = YES_AGGRESSIVE;
				GCC_WARN_UNUSED_FUNCTION = YES;
				GCC_WARN_UNUSED_VARIABLE = YES;
				MACOSX_DEPLOYMENT_TARGET = 10.11;
				MTL_ENABLE_DEBUG_INFO = NO;
				SDKROOT = macosx;
			};
			name = Release;
		};
		07D9A0FB1D4E88C9009F3DE9 /* Debug */ = {
			isa = XCBuildConfiguration;
			buildSettings = {
				PRODUCT_NAME = "$(TARGET_NAME)";
			};
			name = Debug;
		};
		07D9A0FC1D4E88C9009F3DE9 /* Release */ = {
			isa = XCBuildConfiguration;
			buildSettings = {
				PRODUCT_NAME = "$(TARGET_NAME)";
			};
			name = Release;
		};
/* End XCBuildConfiguration section */

/* Begin XCConfigurationList section */
		07D9A0EE1D4E88C9009F3DE9 /* Build configuration list for PBXProject "04_vector_funcs" */ = {
			isa = XCConfigurationList;
			buildConfigurations = (
				07D9A0F81D4E88C9009F3DE9 /* Debug */,
				07D9A0F91D4E88C9009F3DE9 /* Release */,
			);
			defaultConfigurationIsVisible = 0;
			defaultConfigurationName = Release;
		};
		07D9A0FA1D4E88C9009F3DE9 /* Build configuration list for PBXNativeTarget "04_vector_funcs" */ = {
			isa = XCConfigurationList;
			buildConfigurations = (
				07D9A0FB1D4E88C9009F3DE9 /* Debug */,
				07D9A0FC1D4E88C9009F3DE9 /* Release */,
			);
			defaultConfigurationIsVisible = 0;
		};
/* End XCConfigurationList section */
	};
	rootObject = 07D9A0EB1D4E88C9009F3DE9 /* Project object */;
}
